// !$*UTF8*$!
{
	archiveVersion = 1;
	classes = {
	};
	objectVersion = 46;
	objects = {

/* Begin PBXBuildFile section */
		3CF8EC6B1F4EA19F00D6D6DE /* AppDelegate.swift in Sources */ = {isa = PBXBuildFile; fileRef = 3CF8EC6A1F4EA19F00D6D6DE /* AppDelegate.swift */; };
		3CF8EC6D1F4EA19F00D6D6DE /* ViewController.swift in Sources */ = {isa = PBXBuildFile; fileRef = 3CF8EC6C1F4EA19F00D6D6DE /* ViewController.swift */; };
		3CF8EC701F4EA19F00D6D6DE /* Main.storyboard in Resources */ = {isa = PBXBuildFile; fileRef = 3CF8EC6E1F4EA19F00D6D6DE /* Main.storyboard */; };
		3CF8EC721F4EA19F00D6D6DE /* Assets.xcassets in Resources */ = {isa = PBXBuildFile; fileRef = 3CF8EC711F4EA19F00D6D6DE /* Assets.xcassets */; };
		3CF8EC751F4EA19F00D6D6DE /* LaunchScreen.storyboard in Resources */ = {isa = PBXBuildFile; fileRef = 3CF8EC731F4EA19F00D6D6DE /* LaunchScreen.storyboard */; };
/* End PBXBuildFile section */

/* Begin PBXFileReference section */
		3CF8EC671F4EA19F00D6D6DE /* MiraclePill.app */ = {isa = PBXFileReference; explicitFileType = wrapper.application; includeInIndex = 0; path = MiraclePill.app; sourceTree = BUILT_PRODUCTS_DIR; };
		3CF8EC6A1F4EA19F00D6D6DE /* AppDelegate.swift */ = {isa = PBXFileReference; lastKnownFileType = sourcecode.swift; path = AppDelegate.swift; sourceTree = "<group>"; };
		3CF8EC6C1F4EA19F00D6D6DE /* ViewController.swift */ = {isa = PBXFileReference; lastKnownFileType = sourcecode.swift; path = ViewController.swift; sourceTree = "<group>"; };
		3CF8EC6F1F4EA19F00D6D6DE /* Base */ = {isa = PBXFileReference; lastKnownFileType = file.storyboard; name = Base; path = Base.lproj/Main.storyboard; sourceTree = "<group>"; };
		3CF8EC711F4EA19F00D6D6DE /* Assets.xcassets */ = {isa = PBXFileReference; lastKnownFileType = folder.assetcatalog; path = Assets.xcassets; sourceTree = "<group>"; };
		3CF8EC741F4EA19F00D6D6DE /* Base */ = {isa = PBXFileReference; lastKnownFileType = file.storyboard; name = Base; path = Base.lproj/LaunchScreen.storyboard; sourceTree = "<group>"; };
		3CF8EC761F4EA19F00D6D6DE /* Info.plist */ = {isa = PBXFileReference; lastKnownFileType = text.plist.xml; path = Info.plist; sourceTree = "<group>"; };
/* End PBXFileReference section */

/* Begin PBXFrameworksBuildPhase section */
		3CF8EC641F4EA19F00D6D6DE /* Frameworks */ = {
			isa = PBXFrameworksBuildPhase;
			buildActionMask = 2147483647;
			files = (
			);
			runOnlyForDeploymentPostprocessing = 0;
		};
/* End PBXFrameworksBuildPhase section */

/* Begin PBXGroup section */
		3CF8EC5E1F4EA19F00D6D6DE = {
			isa = PBXGroup;
			children = (
				3CF8EC691F4EA19F00D6D6DE /* MiraclePill */,
				3CF8EC681F4EA19F00D6D6DE /* Products */,
			);
			sourceTree = "<group>";
		};
		3CF8EC681F4EA19F00D6D6DE /* Products */ = {
			isa = PBXGroup;
			children = (
				3CF8EC671F4EA19F00D6D6DE /* MiraclePill.app */,
			);
			name = Products;
			sourceTree = "<group>";
		};
		3CF8EC691F4EA19F00D6D6DE /* MiraclePill */ = {
			isa = PBXGroup;
			children = (
				3CF8EC6A1F4EA19F00D6D6DE /* AppDelegate.swift */,
				3CF8EC6C1F4EA19F00D6D6DE /* ViewController.swift */,
				3CF8EC6E1F4EA19F00D6D6DE /* Main.storyboard */,
				3CF8EC711F4EA19F00D6D6DE /* Assets.xcassets */,
				3CF8EC731F4EA19F00D6D6DE /* LaunchScreen.storyboard */,
				3CF8EC761F4EA19F00D6D6DE /* Info.plist */,
			);
			path = MiraclePill;
			sourceTree = "<group>";
		};
/* End PBXGroup section */

/* Begin PBXNativeTarget section */
		3CF8EC661F4EA19F00D6D6DE /* MiraclePill */ = {
			isa = PBXNativeTarget;
			buildConfigurationList = 3CF8EC791F4EA19F00D6D6DE /* Build configuration list for PBXNativeTarget "MiraclePill" */;
			buildPhases = (
				3CF8EC631F4EA19F00D6D6DE /* Sources */,
				3CF8EC641F4EA19F00D6D6DE /* Frameworks */,
				3CF8EC651F4EA19F00D6D6DE /* Resources */,
			);
			buildRules = (
			);
			dependencies = (
			);
			name = MiraclePill;
			productName = MiraclePill;
			productReference = 3CF8EC671F4EA19F00D6D6DE /* MiraclePill.app */;
			productType = "com.apple.product-type.application";
		};
/* End PBXNativeTarget section */

/* Begin PBXProject section */
		3CF8EC5F1F4EA19F00D6D6DE /* Project object */ = {
			isa = PBXProject;
			attributes = {
				LastSwiftUpdateCheck = 0830;
				LastUpgradeCheck = 0830;
				ORGANIZATIONNAME = "Popcorn Labs";
				TargetAttributes = {
					3CF8EC661F4EA19F00D6D6DE = {
						CreatedOnToolsVersion = 8.3.3;
						DevelopmentTeam = T9Y97N7H43;
						ProvisioningStyle = Automatic;
					};
				};
			};
			buildConfigurationList = 3CF8EC621F4EA19F00D6D6DE /* Build configuration list for PBXProject "MiraclePill" */;
			compatibilityVersion = "Xcode 3.2";
			developmentRegion = English;
			hasScannedForEncodings = 0;
			knownRegions = (
				en,
				Base,
			);
			mainGroup = 3CF8EC5E1F4EA19F00D6D6DE;
			productRefGroup = 3CF8EC681F4EA19F00D6D6DE /* Products */;
			projectDirPath = "";
			projectRoot = "";
			targets = (
				3CF8EC661F4EA19F00D6D6DE /* MiraclePill */,
			);
		};
/* End PBXProject section */

/* Begin PBXResourcesBuildPhase section */
		3CF8EC651F4EA19F00D6D6DE /* Resources */ = {
			isa = PBXResourcesBuildPhase;
			buildActionMask = 2147483647;
			files = (
				3CF8EC751F4EA19F00D6D6DE /* LaunchScreen.storyboard in Resources */,
				3CF8EC721F4EA19F00D6D6DE /* Assets.xcassets in Resources */,
				3CF8EC701F4EA19F00D6D6DE /* Main.storyboard in Resources */,
			);
			runOnlyForDeploymentPostprocessing = 0;
		};
/* End PBXResourcesBuildPhase section */

/* Begin PBXSourcesBuildPhase section */
		3CF8EC631F4EA19F00D6D6DE /* Sources */ = {
			isa = PBXSourcesBuildPhase;
			buildActionMask = 2147483647;
			files = (
				3CF8EC6D1F4EA19F00D6D6DE /* ViewController.swift in Sources */,
				3CF8EC6B1F4EA19F00D6D6DE /* AppDelegate.swift in Sources */,
			);
			runOnlyForDeploymentPostprocessing = 0;
		};
/* End PBXSourcesBuildPhase section */

/* Begin PBXVariantGroup section */
		3CF8EC6E1F4EA19F00D6D6DE /* Main.storyboard */ = {
			isa = PBXVariantGroup;
			children = (
				3CF8EC6F1F4EA19F00D6D6DE /* Base */,
			);
			name = Main.storyboard;
			sourceTree = "<group>";
		};
		3CF8EC731F4EA19F00D6D6DE /* LaunchScreen.storyboard */ = {
			isa = PBXVariantGroup;
			children = (
				3CF8EC741F4EA19F00D6D6DE /* Base */,
			);
			name = LaunchScreen.storyboard;
			sourceTree = "<group>";
		};
/* End PBXVariantGroup section */

/* Begin XCBuildConfiguration section */
		3CF8EC771F4EA19F00D6D6DE /* Debug */ = {
			isa = XCBuildConfiguration;
			buildSettings = {
				ALWAYS_SEARCH_USER_PATHS = NO;
				CLANG_ANALYZER_NONNULL = YES;
				CLANG_ANALYZER_NUMBER_OBJECT_CONVERSION = YES_AGGRESSIVE;
				CLANG_CXX_LANGUAGE_STANDARD = "gnu++0x";
				CLANG_CXX_LIBRARY = "libc++";
				CLANG_ENABLE_MODULES = YES;
				CLANG_ENABLE_OBJC_ARC = YES;
				CLANG_WARN_BOOL_CONVERSION = YES;
				CLANG_WARN_CONSTANT_CONVERSION = YES;
				CLANG_WARN_DIRECT_OBJC_ISA_USAGE = YES_ERROR;
				CLANG_WARN_DOCUMENTATION_COMMENTS = YES;
				CLANG_WARN_EMPTY_BODY = YES;
				CLANG_WARN_ENUM_CONVERSION = YES;
				CLANG_WARN_INFINITE_RECURSION = YES;
				CLANG_WARN_INT_CONVERSION = YES;
				CLANG_WARN_OBJC_ROOT_CLASS = YES_ERROR;
				CLANG_WARN_SUSPICIOUS_MOVE = YES;
				CLANG_WARN_UNREACHABLE_CODE = YES;
				CLANG_WARN__DUPLICATE_METHOD_MATCH = YES;
				"CODE_SIGN_IDENTITY[sdk=iphoneos*]" = "iPhone Developer";
				COPY_PHASE_STRIP = NO;
				DEBUG_INFORMATION_FORMAT = dwarf;
				ENABLE_STRICT_OBJC_MSGSEND = YES;
				ENABLE_TESTABILITY = YES;
				GCC_C_LANGUAGE_STANDARD = gnu99;
				GCC_DYNAMIC_NO_PIC = NO;
				GCC_NO_COMMON_BLOCKS = YES;
				GCC_OPTIMIZATION_LEVEL = 0;
				GCC_PREPROCESSOR_DEFINITIONS = (
					"DEBUG=1",
					"$(inherited)",
				);
				GCC_WARN_64_TO_32_BIT_CONVERSION = YES;
				GCC_WARN_ABOUT_RETURN_TYPE = YES_ERROR;
				GCC_WARN_UNDECLARED_SELECTOR = YES;
				GCC_WARN_UNINITIALIZED_AUTOS = YES_AGGRESSIVE;
				GCC_WARN_UNUSED_FUNCTION = YES;
				GCC_WARN_UNUSED_VARIABLE = YES;
				IPHONEOS_DEPLOYMENT_TARGET = 10.3;
				MTL_ENABLE_DEBUG_INFO = YES;
				ONLY_ACTIVE_ARCH = YES;
				SDKROOT = iphoneos;
				SWIFT_ACTIVE_COMPILATION_CONDITIONS = DEBUG;
				SWIFT_OPTIMIZATION_LEVEL = "-Onone";
				TARGETED_DEVICE_FAMILY = "1,2";
			};
			name = Debug;
		};
		3CF8EC781F4EA19F00D6D6DE /* Release */ = {
			isa = XCBuildConfiguration;
			buildSettings = {
				ALWAYS_SEARCH_USER_PATHS = NO;
				CLANG_ANALYZER_NONNULL = YES;
				CLANG_ANALYZER_NUMBER_OBJECT_CONVERSION = YES_AGGRESSIVE;
				CLANG_CXX_LANGUAGE_STANDARD = "gnu++0x";
				CLANG_CXX_LIBRARY = "libc++";
				CLANG_ENABLE_MODULES = YES;
				CLANG_ENABLE_OBJC_ARC = YES;
				CLANG_WARN_BOOL_CONVERSION = YES;
				CLANG_WARN_CONSTANT_CONVERSION = YES;
				CLANG_WARN_DIRECT_OBJC_ISA_USAGE = YES_ERROR;
				CLANG_WARN_DOCUMENTATION_COMMENTS = YES;
				CLANG_WARN_EMPTY_BODY = YES;
				CLANG_WARN_ENUM_CONVERSION = YES;
				CLANG_WARN_INFINITE_RECURSION = YES;
				CLANG_WARN_INT_CONVERSION = YES;
				CLANG_WARN_OBJC_ROOT_CLASS = YES_ERROR;
				CLANG_WARN_SUSPICIOUS_MOVE = YES;
				CLANG_WARN_UNREACHABLE_CODE = YES;
				CLANG_WARN__DUPLICATE_METHOD_MATCH = YES;
				"CODE_SIGN_IDENTITY[sdk=iphoneos*]" = "iPhone Developer";
				COPY_PHASE_STRIP = NO;
				DEBUG_INFORMATION_FORMAT = "dwarf-with-dsym";
				ENABLE_NS_ASSERTIONS = NO;
				ENABLE_STRICT_OBJC_MSGSEND = YES;
				GCC_C_LANGUAGE_STANDARD = gnu99;
				GCC_NO_COMMON_BLOCKS = YES;
				GCC_WARN_64_TO_32_BIT_CONVERSION = YES;
				GCC_WARN_ABOUT_RETURN_TYPE = YES_ERROR;
				GCC_WARN_UNDECLARED_SELECTOR = YES;
				GCC_WARN_UNINITIALIZED_AUTOS = YES_AGGRESSIVE;
				GCC_WARN_UNUSED_FUNCTION = YES;
				GCC_WARN_UNUSED_VARIABLE = YES;
				IPHONEOS_DEPLOYMENT_TARGET = 10.3;
				MTL_ENABLE_DEBUG_INFO = NO;
				SDKROOT = iphoneos;
				SWIFT_OPTIMIZATION_LEVEL = "-Owholemodule";
				TARGETED_DEVICE_FAMILY = "1,2";
				VALIDATE_PRODUCT = YES;
			};
			name = Release;
		};
		3CF8EC7A1F4EA19F00D6D6DE /* Debug */ = {
			isa = XCBuildConfiguration;
			buildSettings = {
				ASSETCATALOG_COMPILER_APPICON_NAME = AppIcon;
				DEVELOPMENT_TEAM = T9Y97N7H43;
				INFOPLIST_FILE = MiraclePill/Info.plist;
				LD_RUNPATH_SEARCH_PATHS = "$(inherited) @executable_path/Frameworks";
				PRODUCT_BUNDLE_IDENTIFIER = PopcornLabs.MiraclePill;
				PRODUCT_NAME = "$(TARGET_NAME)";
				SWIFT_VERSION = 3.0;
			};
			name = Debug;
		};
		3CF8EC7B1F4EA19F00D6D6DE /* Release */ = {
			isa = XCBuildConfiguration;
			buildSettings = {
				ASSETCATALOG_COMPILER_APPICON_NAME = AppIcon;
				DEVELOPMENT_TEAM = T9Y97N7H43;
				INFOPLIST_FILE = MiraclePill/Info.plist;
				LD_RUNPATH_SEARCH_PATHS = "$(inherited) @executable_path/Frameworks";
				PRODUCT_BUNDLE_IDENTIFIER = PopcornLabs.MiraclePill;
				PRODUCT_NAME = "$(TARGET_NAME)";
				SWIFT_VERSION = 3.0;
			};
			name = Release;
		};
/* End XCBuildConfiguration section */

/* Begin XCConfigurationList section */
		3CF8EC621F4EA19F00D6D6DE /* Build configuration list for PBXProject "MiraclePill" */ = {
			isa = XCConfigurationList;
			buildConfigurations = (
				3CF8EC771F4EA19F00D6D6DE /* Debug */,
				3CF8EC781F4EA19F00D6D6DE /* Release */,
			);
			defaultConfigurationIsVisible = 0;
			defaultConfigurationName = Release;
		};
		3CF8EC791F4EA19F00D6D6DE /* Build configuration list for PBXNativeTarget "MiraclePill" */ = {
			isa = XCConfigurationList;
			buildConfigurations = (
				3CF8EC7A1F4EA19F00D6D6DE /* Debug */,
				3CF8EC7B1F4EA19F00D6D6DE /* Release */,
			);
			defaultConfigurationIsVisible = 0;
		};
/* End XCConfigurationList section */
	};
	rootObject = 3CF8EC5F1F4EA19F00D6D6DE /* Project object */;
}
